{
  "name": "Stereometria",
  "lockfileVersion": 2,
  "requires": true,
  "packages": {
    "": {
      "name": "Stereometria",
      "dependencies": {
        "three.js": "^0.77.0"
      }
    },
    "node_modules/three.js": {
      "version": "0.77.0",
      "resolved": "https://registry.npmjs.org/three.js/-/three.js-0.77.0.tgz",
      "integrity": "sha512-ouSy18ZEiwz+aEsN5psLd7hftf08cyVw/zV1XFYjPhDDnUwIr+bEGryJAy6z3VbSJjuIQUbbM8FtWMZjGdqD+w=="
    }
  },
  "dependencies": {
    "three.js": {
      "version": "0.77.0",
      "resolved": "https://registry.npmjs.org/three.js/-/three.js-0.77.0.tgz",
      "integrity": "sha512-ouSy18ZEiwz+aEsN5psLd7hftf08cyVw/zV1XFYjPhDDnUwIr+bEGryJAy6z3VbSJjuIQUbbM8FtWMZjGdqD+w=="
    }
  }
}
